
Microsoft Visual Studio Solution File, Format Version 12.00
# Visual Studio Version 16
VisualStudioVersion = 16.0.32126.315
MinimumVisualStudioVersion = 10.0.40219.1
Project("{FAE04EC0-301F-11D3-BF4B-00C04F79EFBC}") = "PLD", "PLD\PLD.csproj", "{6BF56990-6368-4900-8984-A6863AF3EFCF}"
EndProject
Global
	GlobalSection(SolutionConfigurationPlatforms) = preSolution
		Debug|Any CPU = Debug|Any CPU
		Release|Any CPU = Release|Any CPU
	EndGlobalSection
	GlobalSection(ProjectConfigurationPlatforms) = postSolution
		{6BF56990-6368-4900-8984-A6863AF3EFCF}.Debug|Any CPU.ActiveCfg = Debug|Any CPU
		{6BF56990-6368-4900-8984-A6863AF3EFCF}.Debug|Any CPU.Build.0 = Debug|Any CPU
		{6BF56990-6368-4900-8984-A6863AF3EFCF}.Release|Any CPU.ActiveCfg = Release|Any CPU
		{6BF56990-6368-4900-8984-A6863AF3EFCF}.Release|Any CPU.Build.0 = Release|Any CPU
	EndGlobalSection
	GlobalSection(SolutionProperties) = preSolution
		HideSolutionNode = FALSE
	EndGlobalSection
	GlobalSection(ExtensibilityGlobals) = postSolution
		SolutionGuid = {654A6B60-78F6-4EA4-BE39-213942F6CBA4}
	EndGlobalSection
EndGlobal
